
Microsoft Visual Studio Solution File, Format Version 12.00
# Visual Studio Version 17
VisualStudioVersion = 17.4.33205.214
MinimumVisualStudioVersion = 10.0.40219.1
Project("{FAE04EC0-301F-11D3-BF4B-00C04F79EFBC}") = "NoRBerserkMod", "NoRBerserkMod\NoRBerserkMod.csproj", "{0158A220-C337-488D-BB3C-C56CA43B5044}"
EndProject
Global
	GlobalSection(SolutionConfigurationPlatforms) = preSolution
		Debug|Any CPU = Debug|Any CPU
		Release|Any CPU = Release|Any CPU
	EndGlobalSection
	GlobalSection(ProjectConfigurationPlatforms) = postSolution
		{0158A220-C337-488D-BB3C-C56CA43B5044}.Debug|Any CPU.ActiveCfg = Debug|Any CPU
		{0158A220-C337-488D-BB3C-C56CA43B5044}.Debug|Any CPU.Build.0 = Debug|Any CPU
		{0158A220-C337-488D-BB3C-C56CA43B5044}.Release|Any CPU.ActiveCfg = Release|Any CPU
		{0158A220-C337-488D-BB3C-C56CA43B5044}.Release|Any CPU.Build.0 = Release|Any CPU
	EndGlobalSection
	GlobalSection(SolutionProperties) = preSolution
		HideSolutionNode = FALSE
	EndGlobalSection
	GlobalSection(ExtensibilityGlobals) = postSolution
		SolutionGuid = {21DCD3AC-674F-4EA9-B287-B049D701C9D9}
	EndGlobalSection
EndGlobal
